
Microsoft Visual Studio Solution File, Format Version 12.00
# Visual Studio Version 17
VisualStudioVersion = 17.8.34525.116
MinimumVisualStudioVersion = 10.0.40219.1
Project("{FAE04EC0-301F-11D3-BF4B-00C04F79EFBC}") = "FlowerCourse", "FlowerCourse\FlowerCourse.csproj", "{900E9971-57BB-48D0-AEF7-2FCBA3B2B0B6}"
EndProject
Global
	GlobalSection(SolutionConfigurationPlatforms) = preSolution
		Debug|Any CPU = Debug|Any CPU
		Release|Any CPU = Release|Any CPU
	EndGlobalSection
	GlobalSection(ProjectConfigurationPlatforms) = postSolution
		{900E9971-57BB-48D0-AEF7-2FCBA3B2B0B6}.Debug|Any CPU.ActiveCfg = Debug|Any CPU
		{900E9971-57BB-48D0-AEF7-2FCBA3B2B0B6}.Debug|Any CPU.Build.0 = Debug|Any CPU
		{900E9971-57BB-48D0-AEF7-2FCBA3B2B0B6}.Release|Any CPU.ActiveCfg = Release|Any CPU
		{900E9971-57BB-48D0-AEF7-2FCBA3B2B0B6}.Release|Any CPU.Build.0 = Release|Any CPU
	EndGlobalSection
	GlobalSection(SolutionProperties) = preSolution
		HideSolutionNode = FALSE
	EndGlobalSection
	GlobalSection(ExtensibilityGlobals) = postSolution
		SolutionGuid = {AD97C528-9D6A-45C5-ABE0-1B0EF7AE5E84}
	EndGlobalSection
EndGlobal
